
Microsoft Visual Studio Solution File, Format Version 12.00
# Visual Studio 15
VisualStudioVersion = 15.0.27004.2008
MinimumVisualStudioVersion = 10.0.40219.1
Project("{9A19103F-16F7-4668-BE54-9A1E7A4F7556}") = "WebASCATUR", "WebASCATUR\WebASCATUR.csproj", "{2868FAC6-72C3-43C8-AC0C-962401DDC483}"
EndProject
Global
	GlobalSection(SolutionConfigurationPlatforms) = preSolution
		Debug|Any CPU = Debug|Any CPU
		Release|Any CPU = Release|Any CPU
	EndGlobalSection
	GlobalSection(ProjectConfigurationPlatforms) = postSolution
		{2868FAC6-72C3-43C8-AC0C-962401DDC483}.Debug|Any CPU.ActiveCfg = Debug|Any CPU
		{2868FAC6-72C3-43C8-AC0C-962401DDC483}.Debug|Any CPU.Build.0 = Debug|Any CPU
		{2868FAC6-72C3-43C8-AC0C-962401DDC483}.Release|Any CPU.ActiveCfg = Release|Any CPU
		{2868FAC6-72C3-43C8-AC0C-962401DDC483}.Release|Any CPU.Build.0 = Release|Any CPU
	EndGlobalSection
	GlobalSection(SolutionProperties) = preSolution
		HideSolutionNode = FALSE
	EndGlobalSection
	GlobalSection(ExtensibilityGlobals) = postSolution
		SolutionGuid = {4E416563-DF58-44A3-8C01-ABEF9F90A33B}
	EndGlobalSection
EndGlobal
